
Microsoft Visual Studio Solution File, Format Version 12.00
# Visual Studio Version 16
VisualStudioVersion = 16.0.30204.135
MinimumVisualStudioVersion = 10.0.40219.1
Project("{9A19103F-16F7-4668-BE54-9A1E7A4F7556}") = "01_Messaging", "01_Messaging\01_Messaging.csproj", "{84CD21C4-36EC-4CDE-8BA4-4D359B6F2146}"
EndProject
Project("{FAE04EC0-301F-11D3-BF4B-00C04F79EFBC}") = "02_CarRace", "02_CarRace\02_CarRace.csproj", "{069DA41E-02BA-4A1B-B8E0-1B5565003D99}"
EndProject
Project("{FAE04EC0-301F-11D3-BF4B-00C04F79EFBC}") = "03_TakeSkipRope", "03_TakeSkipRope\03_TakeSkipRope.csproj", "{CE77ABE6-D2C8-4DD9-B6DB-77BEEF50DFCA}"
EndProject
Project("{FAE04EC0-301F-11D3-BF4B-00C04F79EFBC}") = "04_MixedUpLists", "04_MixedUpLists\04_MixedUpLists.csproj", "{4ECAE036-FF67-49F2-8F7C-B6D84665432E}"
EndProject
Project("{FAE04EC0-301F-11D3-BF4B-00C04F79EFBC}") = "05_DrumSet", "05_DrumSet\05_DrumSet.csproj", "{AE71DB1E-D567-48E0-A8F7-6D0DEF7C0833}"
EndProject
Global
	GlobalSection(SolutionConfigurationPlatforms) = preSolution
		Debug|Any CPU = Debug|Any CPU
		Release|Any CPU = Release|Any CPU
	EndGlobalSection
	GlobalSection(ProjectConfigurationPlatforms) = postSolution
		{84CD21C4-36EC-4CDE-8BA4-4D359B6F2146}.Debug|Any CPU.ActiveCfg = Debug|Any CPU
		{84CD21C4-36EC-4CDE-8BA4-4D359B6F2146}.Debug|Any CPU.Build.0 = Debug|Any CPU
		{84CD21C4-36EC-4CDE-8BA4-4D359B6F2146}.Release|Any CPU.ActiveCfg = Release|Any CPU
		{84CD21C4-36EC-4CDE-8BA4-4D359B6F2146}.Release|Any CPU.Build.0 = Release|Any CPU
		{069DA41E-02BA-4A1B-B8E0-1B5565003D99}.Debug|Any CPU.ActiveCfg = Debug|Any CPU
		{069DA41E-02BA-4A1B-B8E0-1B5565003D99}.Debug|Any CPU.Build.0 = Debug|Any CPU
		{069DA41E-02BA-4A1B-B8E0-1B5565003D99}.Release|Any CPU.ActiveCfg = Release|Any CPU
		{069DA41E-02BA-4A1B-B8E0-1B5565003D99}.Release|Any CPU.Build.0 = Release|Any CPU
		{CE77ABE6-D2C8-4DD9-B6DB-77BEEF50DFCA}.Debug|Any CPU.ActiveCfg = Debug|Any CPU
		{CE77ABE6-D2C8-4DD9-B6DB-77BEEF50DFCA}.Debug|Any CPU.Build.0 = Debug|Any CPU
		{CE77ABE6-D2C8-4DD9-B6DB-77BEEF50DFCA}.Release|Any CPU.ActiveCfg = Release|Any CPU
		{CE77ABE6-D2C8-4DD9-B6DB-77BEEF50DFCA}.Release|Any CPU.Build.0 = Release|Any CPU
		{4ECAE036-FF67-49F2-8F7C-B6D84665432E}.Debug|Any CPU.ActiveCfg = Debug|Any CPU
		{4ECAE036-FF67-49F2-8F7C-B6D84665432E}.Debug|Any CPU.Build.0 = Debug|Any CPU
		{4ECAE036-FF67-49F2-8F7C-B6D84665432E}.Release|Any CPU.ActiveCfg = Release|Any CPU
		{4ECAE036-FF67-49F2-8F7C-B6D84665432E}.Release|Any CPU.Build.0 = Release|Any CPU
		{AE71DB1E-D567-48E0-A8F7-6D0DEF7C0833}.Debug|Any CPU.ActiveCfg = Debug|Any CPU
		{AE71DB1E-D567-48E0-A8F7-6D0DEF7C0833}.Debug|Any CPU.Build.0 = Debug|Any CPU
		{AE71DB1E-D567-48E0-A8F7-6D0DEF7C0833}.Release|Any CPU.ActiveCfg = Release|Any CPU
		{AE71DB1E-D567-48E0-A8F7-6D0DEF7C0833}.Release|Any CPU.Build.0 = Release|Any CPU
	EndGlobalSection
	GlobalSection(SolutionProperties) = preSolution
		HideSolutionNode = FALSE
	EndGlobalSection
	GlobalSection(ExtensibilityGlobals) = postSolution
		SolutionGuid = {8D53D2EC-00E0-4CB1-8C35-91B670514020}
	EndGlobalSection
EndGlobal
